// !$*UTF8*$!
{
	archiveVersion = 1;
	classes = {
	};
	objectVersion = 50;
	objects = {

/* Begin PBXBuildFile section */
		ED7D82EA27385CA2002C7A70 /* AppDelegate.swift in Sources */ = {isa = PBXBuildFile; fileRef = ED7D82E927385CA2002C7A70 /* AppDelegate.swift */; };
		ED7D82EC27385CA2002C7A70 /* SceneDelegate.swift in Sources */ = {isa = PBXBuildFile; fileRef = ED7D82EB27385CA2002C7A70 /* SceneDelegate.swift */; };
		ED7D82EE27385CA2002C7A70 /* ViewController.swift in Sources */ = {isa = PBXBuildFile; fileRef = ED7D82ED27385CA2002C7A70 /* ViewController.swift */; };
		ED7D82F127385CA2002C7A70 /* Main.storyboard in Resources */ = {isa = PBXBuildFile; fileRef = ED7D82EF27385CA2002C7A70 /* Main.storyboard */; };
		ED7D82F327385CA5002C7A70 /* Assets.xcassets in Resources */ = {isa = PBXBuildFile; fileRef = ED7D82F227385CA5002C7A70 /* Assets.xcassets */; };
		ED7D82F627385CA5002C7A70 /* LaunchScreen.storyboard in Resources */ = {isa = PBXBuildFile; fileRef = ED7D82F427385CA5002C7A70 /* LaunchScreen.storyboard */; };
		ED7D830127385CA5002C7A70 /* I_am_PoorTests.swift in Sources */ = {isa = PBXBuildFile; fileRef = ED7D830027385CA5002C7A70 /* I_am_PoorTests.swift */; };
		ED7D830C27385CA6002C7A70 /* I_am_PoorUITests.swift in Sources */ = {isa = PBXBuildFile; fileRef = ED7D830B27385CA6002C7A70 /* I_am_PoorUITests.swift */; };
/* End PBXBuildFile section */

/* Begin PBXContainerItemProxy section */
		ED7D82FD27385CA5002C7A70 /* PBXContainerItemProxy */ = {
			isa = PBXContainerItemProxy;
			containerPortal = ED7D82DE27385CA2002C7A70 /* Project object */;
			proxyType = 1;
			remoteGlobalIDString = ED7D82E527385CA2002C7A70;
			remoteInfo = "I am Poor";
		};
		ED7D830827385CA6002C7A70 /* PBXContainerItemProxy */ = {
			isa = PBXContainerItemProxy;
			containerPortal = ED7D82DE27385CA2002C7A70 /* Project object */;
			proxyType = 1;
			remoteGlobalIDString = ED7D82E527385CA2002C7A70;
			remoteInfo = "I am Poor";
		};
/* End PBXContainerItemProxy section */

/* Begin PBXFileReference section */
		ED7D82E627385CA2002C7A70 /* I am Poor.app */ = {isa = PBXFileReference; explicitFileType = wrapper.application; includeInIndex = 0; path = "I am Poor.app"; sourceTree = BUILT_PRODUCTS_DIR; };
		ED7D82E927385CA2002C7A70 /* AppDelegate.swift */ = {isa = PBXFileReference; lastKnownFileType = sourcecode.swift; path = AppDelegate.swift; sourceTree = "<group>"; };
		ED7D82EB27385CA2002C7A70 /* SceneDelegate.swift */ = {isa = PBXFileReference; lastKnownFileType = sourcecode.swift; path = SceneDelegate.swift; sourceTree = "<group>"; };
		ED7D82ED27385CA2002C7A70 /* ViewController.swift */ = {isa = PBXFileReference; lastKnownFileType = sourcecode.swift; path = ViewController.swift; sourceTree = "<group>"; };
		ED7D82F027385CA2002C7A70 /* Base */ = {isa = PBXFileReference; lastKnownFileType = file.storyboard; name = Base; path = Base.lproj/Main.storyboard; sourceTree = "<group>"; };
		ED7D82F227385CA5002C7A70 /* Assets.xcassets */ = {isa = PBXFileReference; lastKnownFileType = folder.assetcatalog; path = Assets.xcassets; sourceTree = "<group>"; };
		ED7D82F527385CA5002C7A70 /* Base */ = {isa = PBXFileReference; lastKnownFileType = file.storyboard; name = Base; path = Base.lproj/LaunchScreen.storyboard; sourceTree = "<group>"; };
		ED7D82F727385CA5002C7A70 /* Info.plist */ = {isa = PBXFileReference; lastKnownFileType = text.plist.xml; path = Info.plist; sourceTree = "<group>"; };
		ED7D82FC27385CA5002C7A70 /* I am PoorTests.xctest */ = {isa = PBXFileReference; explicitFileType = wrapper.cfbundle; includeInIndex = 0; path = "I am PoorTests.xctest"; sourceTree = BUILT_PRODUCTS_DIR; };
		ED7D830027385CA5002C7A70 /* I_am_PoorTests.swift */ = {isa = PBXFileReference; lastKnownFileType = sourcecode.swift; path = I_am_PoorTests.swift; sourceTree = "<group>"; };
		ED7D830227385CA5002C7A70 /* Info.plist */ = {isa = PBXFileReference; lastKnownFileType = text.plist.xml; path = Info.plist; sourceTree = "<group>"; };
		ED7D830727385CA6002C7A70 /* I am PoorUITests.xctest */ = {isa = PBXFileReference; explicitFileType = wrapper.cfbundle; includeInIndex = 0; path = "I am PoorUITests.xctest"; sourceTree = BUILT_PRODUCTS_DIR; };
		ED7D830B27385CA6002C7A70 /* I_am_PoorUITests.swift */ = {isa = PBXFileReference; lastKnownFileType = sourcecode.swift; path = I_am_PoorUITests.swift; sourceTree = "<group>"; };
		ED7D830D27385CA6002C7A70 /* Info.plist */ = {isa = PBXFileReference; lastKnownFileType = text.plist.xml; path = Info.plist; sourceTree = "<group>"; };
/* End PBXFileReference section */

/* Begin PBXFrameworksBuildPhase section */
		ED7D82E327385CA2002C7A70 /* Frameworks */ = {
			isa = PBXFrameworksBuildPhase;
			buildActionMask = 2147483647;
			files = (
			);
			runOnlyForDeploymentPostprocessing = 0;
		};
		ED7D82F927385CA5002C7A70 /* Frameworks */ = {
			isa = PBXFrameworksBuildPhase;
			buildActionMask = 2147483647;
			files = (
			);
			runOnlyForDeploymentPostprocessing = 0;
		};
		ED7D830427385CA6002C7A70 /* Frameworks */ = {
			isa = PBXFrameworksBuildPhase;
			buildActionMask = 2147483647;
			files = (
			);
			runOnlyForDeploymentPostprocessing = 0;
		};
/* End PBXFrameworksBuildPhase section */

/* Begin PBXGroup section */
		ED7D82DD27385CA2002C7A70 = {
			isa = PBXGroup;
			children = (
				ED7D82E827385CA2002C7A70 /* I am Poor */,
				ED7D82FF27385CA5002C7A70 /* I am PoorTests */,
				ED7D830A27385CA6002C7A70 /* I am PoorUITests */,
				ED7D82E727385CA2002C7A70 /* Products */,
			);
			sourceTree = "<group>";
		};
		ED7D82E727385CA2002C7A70 /* Products */ = {
			isa = PBXGroup;
			children = (
				ED7D82E627385CA2002C7A70 /* I am Poor.app */,
				ED7D82FC27385CA5002C7A70 /* I am PoorTests.xctest */,
				ED7D830727385CA6002C7A70 /* I am PoorUITests.xctest */,
			);
			name = Products;
			sourceTree = "<group>";
		};
		ED7D82E827385CA2002C7A70 /* I am Poor */ = {
			isa = PBXGroup;
			children = (
				ED7D82E927385CA2002C7A70 /* AppDelegate.swift */,
				ED7D82EB27385CA2002C7A70 /* SceneDelegate.swift */,
				ED7D82ED27385CA2002C7A70 /* ViewController.swift */,
				ED7D82EF27385CA2002C7A70 /* Main.storyboard */,
				ED7D82F227385CA5002C7A70 /* Assets.xcassets */,
				ED7D82F427385CA5002C7A70 /* LaunchScreen.storyboard */,
				ED7D82F727385CA5002C7A70 /* Info.plist */,
			);
			path = "I am Poor";
			sourceTree = "<group>";
		};
		ED7D82FF27385CA5002C7A70 /* I am PoorTests */ = {
			isa = PBXGroup;
			children = (
				ED7D830027385CA5002C7A70 /* I_am_PoorTests.swift */,
				ED7D830227385CA5002C7A70 /* Info.plist */,
			);
			path = "I am PoorTests";
			sourceTree = "<group>";
		};
		ED7D830A27385CA6002C7A70 /* I am PoorUITests */ = {
			isa = PBXGroup;
			children = (
				ED7D830B27385CA6002C7A70 /* I_am_PoorUITests.swift */,
				ED7D830D27385CA6002C7A70 /* Info.plist */,
			);
			path = "I am PoorUITests";
			sourceTree = "<group>";
		};
/* End PBXGroup section */

/* Begin PBXNativeTarget section */
		ED7D82E527385CA2002C7A70 /* I am Poor */ = {
			isa = PBXNativeTarget;
			buildConfigurationList = ED7D831027385CA6002C7A70 /* Build configuration list for PBXNativeTarget "I am Poor" */;
			buildPhases = (
				ED7D82E227385CA2002C7A70 /* Sources */,
				ED7D82E327385CA2002C7A70 /* Frameworks */,
				ED7D82E427385CA2002C7A70 /* Resources */,
			);
			buildRules = (
			);
			dependencies = (
			);
			name = "I am Poor";
			productName = "I am Poor";
			productReference = ED7D82E627385CA2002C7A70 /* I am Poor.app */;
			productType = "com.apple.product-type.application";
		};
		ED7D82FB27385CA5002C7A70 /* I am PoorTests */ = {
			isa = PBXNativeTarget;
			buildConfigurationList = ED7D831327385CA6002C7A70 /* Build configuration list for PBXNativeTarget "I am PoorTests" */;
			buildPhases = (
				ED7D82F827385CA5002C7A70 /* Sources */,
				ED7D82F927385CA5002C7A70 /* Frameworks */,
				ED7D82FA27385CA5002C7A70 /* Resources */,
			);
			buildRules = (
			);
			dependencies = (
				ED7D82FE27385CA5002C7A70 /* PBXTargetDependency */,
			);
			name = "I am PoorTests";
			productName = "I am PoorTests";
			productReference = ED7D82FC27385CA5002C7A70 /* I am PoorTests.xctest */;
			productType = "com.apple.product-type.bundle.unit-test";
		};
		ED7D830627385CA6002C7A70 /* I am PoorUITests */ = {
			isa = PBXNativeTarget;
			buildConfigurationList = ED7D831627385CA6002C7A70 /* Build configuration list for PBXNativeTarget "I am PoorUITests" */;
			buildPhases = (
				ED7D830327385CA6002C7A70 /* Sources */,
				ED7D830427385CA6002C7A70 /* Frameworks */,
				ED7D830527385CA6002C7A70 /* Resources */,
			);
			buildRules = (
			);
			dependencies = (
				ED7D830927385CA6002C7A70 /* PBXTargetDependency */,
			);
			name = "I am PoorUITests";
			productName = "I am PoorUITests";
			productReference = ED7D830727385CA6002C7A70 /* I am PoorUITests.xctest */;
			productType = "com.apple.product-type.bundle.ui-testing";
		};
/* End PBXNativeTarget section */

/* Begin PBXProject section */
		ED7D82DE27385CA2002C7A70 /* Project object */ = {
			isa = PBXProject;
			attributes = {
				LastSwiftUpdateCheck = 1240;
				LastUpgradeCheck = 1240;
				TargetAttributes = {
					ED7D82E527385CA2002C7A70 = {
						CreatedOnToolsVersion = 12.4;
					};
					ED7D82FB27385CA5002C7A70 = {
						CreatedOnToolsVersion = 12.4;
						TestTargetID = ED7D82E527385CA2002C7A70;
					};
					ED7D830627385CA6002C7A70 = {
						CreatedOnToolsVersion = 12.4;
						TestTargetID = ED7D82E527385CA2002C7A70;
					};
				};
			};
			buildConfigurationList = ED7D82E127385CA2002C7A70 /* Build configuration list for PBXProject "I am Poor" */;
			compatibilityVersion = "Xcode 9.3";
			developmentRegion = en;
			hasScannedForEncodings = 0;
			knownRegions = (
				en,
				Base,
			);
			mainGroup = ED7D82DD27385CA2002C7A70;
			productRefGroup = ED7D82E727385CA2002C7A70 /* Products */;
			projectDirPath = "";
			projectRoot = "";
			targets = (
				ED7D82E527385CA2002C7A70 /* I am Poor */,
				ED7D82FB27385CA5002C7A70 /* I am PoorTests */,
				ED7D830627385CA6002C7A70 /* I am PoorUITests */,
			);
		};
/* End PBXProject section */

/* Begin PBXResourcesBuildPhase section */
		ED7D82E427385CA2002C7A70 /* Resources */ = {
			isa = PBXResourcesBuildPhase;
			buildActionMask = 2147483647;
			files = (
				ED7D82F627385CA5002C7A70 /* LaunchScreen.storyboard in Resources */,
				ED7D82F327385CA5002C7A70 /* Assets.xcassets in Resources */,
				ED7D82F127385CA2002C7A70 /* Main.storyboard in Resources */,
			);
			runOnlyForDeploymentPostprocessing = 0;
		};
		ED7D82FA27385CA5002C7A70 /* Resources */ = {
			isa = PBXResourcesBuildPhase;
			buildActionMask = 2147483647;
			files = (
			);
			runOnlyForDeploymentPostprocessing = 0;
		};
		ED7D830527385CA6002C7A70 /* Resources */ = {
			isa = PBXResourcesBuildPhase;
			buildActionMask = 2147483647;
			files = (
			);
			runOnlyForDeploymentPostprocessing = 0;
		};
/* End PBXResourcesBuildPhase section */

/* Begin PBXSourcesBuildPhase section */
		ED7D82E227385CA2002C7A70 /* Sources */ = {
			isa = PBXSourcesBuildPhase;
			buildActionMask = 2147483647;
			files = (
				ED7D82EE27385CA2002C7A70 /* ViewController.swift in Sources */,
				ED7D82EA27385CA2002C7A70 /* AppDelegate.swift in Sources */,
				ED7D82EC27385CA2002C7A70 /* SceneDelegate.swift in Sources */,
			);
			runOnlyForDeploymentPostprocessing = 0;
		};
		ED7D82F827385CA5002C7A70 /* Sources */ = {
			isa = PBXSourcesBuildPhase;
			buildActionMask = 2147483647;
			files = (
				ED7D830127385CA5002C7A70 /* I_am_PoorTests.swift in Sources */,
			);
			runOnlyForDeploymentPostprocessing = 0;
		};
		ED7D830327385CA6002C7A70 /* Sources */ = {
			isa = PBXSourcesBuildPhase;
			buildActionMask = 2147483647;
			files = (
				ED7D830C27385CA6002C7A70 /* I_am_PoorUITests.swift in Sources */,
			);
			runOnlyForDeploymentPostprocessing = 0;
		};
/* End PBXSourcesBuildPhase section */

/* Begin PBXTargetDependency section */
		ED7D82FE27385CA5002C7A70 /* PBXTargetDependency */ = {
			isa = PBXTargetDependency;
			target = ED7D82E527385CA2002C7A70 /* I am Poor */;
			targetProxy = ED7D82FD27385CA5002C7A70 /* PBXContainerItemProxy */;
		};
		ED7D830927385CA6002C7A70 /* PBXTargetDependency */ = {
			isa = PBXTargetDependency;
			target = ED7D82E527385CA2002C7A70 /* I am Poor */;
			targetProxy = ED7D830827385CA6002C7A70 /* PBXContainerItemProxy */;
		};
/* End PBXTargetDependency section */

/* Begin PBXVariantGroup section */
		ED7D82EF27385CA2002C7A70 /* Main.storyboard */ = {
			isa = PBXVariantGroup;
			children = (
				ED7D82F027385CA2002C7A70 /* Base */,
			);
			name = Main.storyboard;
			sourceTree = "<group>";
		};
		ED7D82F427385CA5002C7A70 /* LaunchScreen.storyboard */ = {
			isa = PBXVariantGroup;
			children = (
				ED7D82F527385CA5002C7A70 /* Base */,
			);
			name = LaunchScreen.storyboard;
			sourceTree = "<group>";
		};
/* End PBXVariantGroup section */

/* Begin XCBuildConfiguration section */
		ED7D830E27385CA6002C7A70 /* Debug */ = {
			isa = XCBuildConfiguration;
			buildSettings = {
				ALWAYS_SEARCH_USER_PATHS = NO;
				CLANG_ANALYZER_NONNULL = YES;
				CLANG_ANALYZER_NUMBER_OBJECT_CONVERSION = YES_AGGRESSIVE;
				CLANG_CXX_LANGUAGE_STANDARD = "gnu++14";
				CLANG_CXX_LIBRARY = "libc++";
				CLANG_ENABLE_MODULES = YES;
				CLANG_ENABLE_OBJC_ARC = YES;
				CLANG_ENABLE_OBJC_WEAK = YES;
				CLANG_WARN_BLOCK_CAPTURE_AUTORELEASING = YES;
				CLANG_WARN_BOOL_CONVERSION = YES;
				CLANG_WARN_COMMA = YES;
				CLANG_WARN_CONSTANT_CONVERSION = YES;
				CLANG_WARN_DEPRECATED_OBJC_IMPLEMENTATIONS = YES;
				CLANG_WARN_DIRECT_OBJC_ISA_USAGE = YES_ERROR;
				CLANG_WARN_DOCUMENTATION_COMMENTS = YES;
				CLANG_WARN_EMPTY_BODY = YES;
				CLANG_WARN_ENUM_CONVERSION = YES;
				CLANG_WARN_INFINITE_RECURSION = YES;
				CLANG_WARN_INT_CONVERSION = YES;
				CLANG_WARN_NON_LITERAL_NULL_CONVERSION = YES;
				CLANG_WARN_OBJC_IMPLICIT_RETAIN_SELF = YES;
				CLANG_WARN_OBJC_LITERAL_CONVERSION = YES;
				CLANG_WARN_OBJC_ROOT_CLASS = YES_ERROR;
				CLANG_WARN_QUOTED_INCLUDE_IN_FRAMEWORK_HEADER = YES;
				CLANG_WARN_RANGE_LOOP_ANALYSIS = YES;
				CLANG_WARN_STRICT_PROTOTYPES = YES;
				CLANG_WARN_SUSPICIOUS_MOVE = YES;
				CLANG_WARN_UNGUARDED_AVAILABILITY = YES_AGGRESSIVE;
				CLANG_WARN_UNREACHABLE_CODE = YES;
				CLANG_WARN__DUPLICATE_METHOD_MATCH = YES;
				COPY_PHASE_STRIP = NO;
				DEBUG_INFORMATION_FORMAT = dwarf;
				ENABLE_STRICT_OBJC_MSGSEND = YES;
				ENABLE_TESTABILITY = YES;
				GCC_C_LANGUAGE_STANDARD = gnu11;
				GCC_DYNAMIC_NO_PIC = NO;
				GCC_NO_COMMON_BLOCKS = YES;
				GCC_OPTIMIZATION_LEVEL = 0;
				GCC_PREPROCESSOR_DEFINITIONS = (
					"DEBUG=1",
					"$(inherited)",
				);
				GCC_WARN_64_TO_32_BIT_CONVERSION = YES;
				GCC_WARN_ABOUT_RETURN_TYPE = YES_ERROR;
				GCC_WARN_UNDECLARED_SELECTOR = YES;
				GCC_WARN_UNINITIALIZED_AUTOS = YES_AGGRESSIVE;
				GCC_WARN_UNUSED_FUNCTION = YES;
				GCC_WARN_UNUSED_VARIABLE = YES;
				IPHONEOS_DEPLOYMENT_TARGET = 14.4;
				MTL_ENABLE_DEBUG_INFO = INCLUDE_SOURCE;
				MTL_FAST_MATH = YES;
				ONLY_ACTIVE_ARCH = YES;
				SDKROOT = iphoneos;
				SWIFT_ACTIVE_COMPILATION_CONDITIONS = DEBUG;
				SWIFT_OPTIMIZATION_LEVEL = "-Onone";
			};
			name = Debug;
		};
		ED7D830F27385CA6002C7A70 /* Release */ = {
			isa = XCBuildConfiguration;
			buildSettings = {
				ALWAYS_SEARCH_USER_PATHS = NO;
				CLANG_ANALYZER_NONNULL = YES;
				CLANG_ANALYZER_NUMBER_OBJECT_CONVERSION = YES_AGGRESSIVE;
				CLANG_CXX_LANGUAGE_STANDARD = "gnu++14";
				CLANG_CXX_LIBRARY = "libc++";
				CLANG_ENABLE_MODULES = YES;
				CLANG_ENABLE_OBJC_ARC = YES;
				CLANG_ENABLE_OBJC_WEAK = YES;
				CLANG_WARN_BLOCK_CAPTURE_AUTORELEASING = YES;
				CLANG_WARN_BOOL_CONVERSION = YES;
				CLANG_WARN_COMMA = YES;
				CLANG_WARN_CONSTANT_CONVERSION = YES;
				CLANG_WARN_DEPRECATED_OBJC_IMPLEMENTATIONS = YES;
				CLANG_WARN_DIRECT_OBJC_ISA_USAGE = YES_ERROR;
				CLANG_WARN_DOCUMENTATION_COMMENTS = YES;
				CLANG_WARN_EMPTY_BODY = YES;
				CLANG_WARN_ENUM_CONVERSION = YES;
				CLANG_WARN_INFINITE_RECURSION = YES;
				CLANG_WARN_INT_CONVERSION = YES;
				CLANG_WARN_NON_LITERAL_NULL_CONVERSION = YES;
				CLANG_WARN_OBJC_IMPLICIT_RETAIN_SELF = YES;
				CLANG_WARN_OBJC_LITERAL_CONVERSION = YES;
				CLANG_WARN_OBJC_ROOT_CLASS = YES_ERROR;
				CLANG_WARN_QUOTED_INCLUDE_IN_FRAMEWORK_HEADER = YES;
				CLANG_WARN_RANGE_LOOP_ANALYSIS = YES;
				CLANG_WARN_STRICT_PROTOTYPES = YES;
				CLANG_WARN_SUSPICIOUS_MOVE = YES;
				CLANG_WARN_UNGUARDED_AVAILABILITY = YES_AGGRESSIVE;
				CLANG_WARN_UNREACHABLE_CODE = YES;
				CLANG_WARN__DUPLICATE_METHOD_MATCH = YES;
				COPY_PHASE_STRIP = NO;
				DEBUG_INFORMATION_FORMAT = "dwarf-with-dsym";
				ENABLE_NS_ASSERTIONS = NO;
				ENABLE_STRICT_OBJC_MSGSEND = YES;
				GCC_C_LANGUAGE_STANDARD = gnu11;
				GCC_NO_COMMON_BLOCKS = YES;
				GCC_WARN_64_TO_32_BIT_CONVERSION = YES;
				GCC_WARN_ABOUT_RETURN_TYPE = YES_ERROR;
				GCC_WARN_UNDECLARED_SELECTOR = YES;
				GCC_WARN_UNINITIALIZED_AUTOS = YES_AGGRESSIVE;
				GCC_WARN_UNUSED_FUNCTION = YES;
				GCC_WARN_UNUSED_VARIABLE = YES;
				IPHONEOS_DEPLOYMENT_TARGET = 14.4;
				MTL_ENABLE_DEBUG_INFO = NO;
				MTL_FAST_MATH = YES;
				SDKROOT = iphoneos;
				SWIFT_COMPILATION_MODE = wholemodule;
				SWIFT_OPTIMIZATION_LEVEL = "-O";
				VALIDATE_PRODUCT = YES;
			};
			name = Release;
		};
		ED7D831127385CA6002C7A70 /* Debug */ = {
			isa = XCBuildConfiguration;
			buildSettings = {
				ASSETCATALOG_COMPILER_APPICON_NAME = AppIcon;
				ASSETCATALOG_COMPILER_GLOBAL_ACCENT_COLOR_NAME = AccentColor;
				CODE_SIGN_STYLE = Automatic;
				INFOPLIST_FILE = "I am Poor/Info.plist";
				LD_RUNPATH_SEARCH_PATHS = (
					"$(inherited)",
					"@executable_path/Frameworks",
				);
				PRODUCT_BUNDLE_IDENTIFIER = "com.always.dev.I-am-Poor";
				PRODUCT_NAME = "$(TARGET_NAME)";
				SWIFT_VERSION = 5.0;
				TARGETED_DEVICE_FAMILY = "1,2";
			};
			name = Debug;
		};
		ED7D831227385CA6002C7A70 /* Release */ = {
			isa = XCBuildConfiguration;
			buildSettings = {
				ASSETCATALOG_COMPILER_APPICON_NAME = AppIcon;
				ASSETCATALOG_COMPILER_GLOBAL_ACCENT_COLOR_NAME = AccentColor;
				CODE_SIGN_STYLE = Automatic;
				INFOPLIST_FILE = "I am Poor/Info.plist";
				LD_RUNPATH_SEARCH_PATHS = (
					"$(inherited)",
					"@executable_path/Frameworks",
				);
				PRODUCT_BUNDLE_IDENTIFIER = "com.always.dev.I-am-Poor";
				PRODUCT_NAME = "$(TARGET_NAME)";
				SWIFT_VERSION = 5.0;
				TARGETED_DEVICE_FAMILY = "1,2";
			};
			name = Release;
		};
		ED7D831427385CA6002C7A70 /* Debug */ = {
			isa = XCBuildConfiguration;
			buildSettings = {
				ALWAYS_EMBED_SWIFT_STANDARD_LIBRARIES = YES;
				BUNDLE_LOADER = "$(TEST_HOST)";
				CODE_SIGN_STYLE = Automatic;
				INFOPLIST_FILE = "I am PoorTests/Info.plist";
				IPHONEOS_DEPLOYMENT_TARGET = 14.4;
				LD_RUNPATH_SEARCH_PATHS = (
					"$(inherited)",
					"@executable_path/Frameworks",
					"@loader_path/Frameworks",
				);
				PRODUCT_BUNDLE_IDENTIFIER = "com.always.dev.I-am-PoorTests";
				PRODUCT_NAME = "$(TARGET_NAME)";
				SWIFT_VERSION = 5.0;
				TARGETED_DEVICE_FAMILY = "1,2";
				TEST_HOST = "$(BUILT_PRODUCTS_DIR)/I am Poor.app/I am Poor";
			};
			name = Debug;
		};
		ED7D831527385CA6002C7A70 /* Release */ = {
			isa = XCBuildConfiguration;
			buildSettings = {
				ALWAYS_EMBED_SWIFT_STANDARD_LIBRARIES = YES;
				BUNDLE_LOADER = "$(TEST_HOST)";
				CODE_SIGN_STYLE = Automatic;
				INFOPLIST_FILE = "I am PoorTests/Info.plist";
				IPHONEOS_DEPLOYMENT_TARGET = 14.4;
				LD_RUNPATH_SEARCH_PATHS = (
					"$(inherited)",
					"@executable_path/Frameworks",
					"@loader_path/Frameworks",
				);
				PRODUCT_BUNDLE_IDENTIFIER = "com.always.dev.I-am-PoorTests";
				PRODUCT_NAME = "$(TARGET_NAME)";
				SWIFT_VERSION = 5.0;
				TARGETED_DEVICE_FAMILY = "1,2";
				TEST_HOST = "$(BUILT_PRODUCTS_DIR)/I am Poor.app/I am Poor";
			};
			name = Release;
		};
		ED7D831727385CA6002C7A70 /* Debug */ = {
			isa = XCBuildConfiguration;
			buildSettings = {
				ALWAYS_EMBED_SWIFT_STANDARD_LIBRARIES = YES;
				CODE_SIGN_STYLE = Automatic;
				INFOPLIST_FILE = "I am PoorUITests/Info.plist";
				LD_RUNPATH_SEARCH_PATHS = (
					"$(inherited)",
					"@executable_path/Frameworks",
					"@loader_path/Frameworks",
				);
				PRODUCT_BUNDLE_IDENTIFIER = "com.always.dev.I-am-PoorUITests";
				PRODUCT_NAME = "$(TARGET_NAME)";
				SWIFT_VERSION = 5.0;
				TARGETED_DEVICE_FAMILY = "1,2";
				TEST_TARGET_NAME = "I am Poor";
			};
			name = Debug;
		};
		ED7D831827385CA6002C7A70 /* Release */ = {
			isa = XCBuildConfiguration;
			buildSettings = {
				ALWAYS_EMBED_SWIFT_STANDARD_LIBRARIES = YES;
				CODE_SIGN_STYLE = Automatic;
				INFOPLIST_FILE = "I am PoorUITests/Info.plist";
				LD_RUNPATH_SEARCH_PATHS = (
					"$(inherited)",
					"@executable_path/Frameworks",
					"@loader_path/Frameworks",
				);
				PRODUCT_BUNDLE_IDENTIFIER = "com.always.dev.I-am-PoorUITests";
				PRODUCT_NAME = "$(TARGET_NAME)";
				SWIFT_VERSION = 5.0;
				TARGETED_DEVICE_FAMILY = "1,2";
				TEST_TARGET_NAME = "I am Poor";
			};
			name = Release;
		};
/* End XCBuildConfiguration section */

/* Begin XCConfigurationList section */
		ED7D82E127385CA2002C7A70 /* Build configuration list for PBXProject "I am Poor" */ = {
			isa = XCConfigurationList;
			buildConfigurations = (
				ED7D830E27385CA6002C7A70 /* Debug */,
				ED7D830F27385CA6002C7A70 /* Release */,
			);
			defaultConfigurationIsVisible = 0;
			defaultConfigurationName = Release;
		};
		ED7D831027385CA6002C7A70 /* Build configuration list for PBXNativeTarget "I am Poor" */ = {
			isa = XCConfigurationList;
			buildConfigurations = (
				ED7D831127385CA6002C7A70 /* Debug */,
				ED7D831227385CA6002C7A70 /* Release */,
			);
			defaultConfigurationIsVisible = 0;
			defaultConfigurationName = Release;
		};
		ED7D831327385CA6002C7A70 /* Build configuration list for PBXNativeTarget "I am PoorTests" */ = {
			isa = XCConfigurationList;
			buildConfigurations = (
				ED7D831427385CA6002C7A70 /* Debug */,
				ED7D831527385CA6002C7A70 /* Release */,
			);
			defaultConfigurationIsVisible = 0;
			defaultConfigurationName = Release;
		};
		ED7D831627385CA6002C7A70 /* Build configuration list for PBXNativeTarget "I am PoorUITests" */ = {
			isa = XCConfigurationList;
			buildConfigurations = (
				ED7D831727385CA6002C7A70 /* Debug */,
				ED7D831827385CA6002C7A70 /* Release */,
			);
			defaultConfigurationIsVisible = 0;
			defaultConfigurationName = Release;
		};
/* End XCConfigurationList section */
	};
	rootObject = ED7D82DE27385CA2002C7A70 /* Project object */;
}
